{
  "originHash" : "f40fb5c3392920b5d87b7e60ba9ad8e78d1d0b936b85490d40784b799dbfb93f",
  "pins" : [
    {
      "identity" : "bigint",
      "kind" : "remoteSourceControl",
      "location" : "https://github.com/attaswift/BigInt.git",
      "state" : {
        "revision" : "e07e00fa1fd435143a2dcf8b7eec9a7710b2fdfe",
        "version" : "5.7.0"
      }
    },
    {
      "identity" : "swift-asn1",
      "kind" : "remoteSourceControl",
      "location" : "https://github.com/apple/swift-asn1.git",
      "state" : {
        "revision" : "a9a5efd40eaf558a2bcd48d64b1d1646be686008",
        "version" : "1.7.1"
      }
    },
    {
      "identity" : "swift-crypto",
      "kind" : "remoteSourceControl",
      "location" : "https://github.com/apple/swift-crypto.git",
      "state" : {
        "revision" : "47d3869a7291f085c1fb9fb1e6d3b97a793f45c6",
        "version" : "4.5.1"
      }
    },
    {
      "identity" : "swift-sdk",
      "kind" : "remoteSourceControl",
      "location" : "https://github.com/opldotdev/swift-sdk.git",
      "state" : {
        "revision" : "2c377b6ac27eaf2632fd5aa86b0ebdd45feae646"
      }
    },
    {
      "identity" : "swift-secp256k1",
      "kind" : "remoteSourceControl",
      "location" : "https://github.com/21-DOT-DEV/swift-secp256k1.git",
      "state" : {
        "revision" : "e70a10e036a55fffea31568f0af92d69b6d449cd",
        "version" : "0.23.2"
      }
    },
    {
      "identity" : "swift-wallet-toolbox",
      "kind" : "remoteSourceControl",
      "location" : "https://github.com/opldotdev/swift-wallet-toolbox.git",
      "state" : {
        "revision" : "318bca55a3a8d32d4b8c1510f048605a56234af9"
      }
    }
  ],
  "version" : 3
}
